
Microsoft Visual Studio Solution File, Format Version 12.00
Project("{FAE04EC0-301F-11D3-BF4B-00C04F79EFBC}") = "demo.functions", "Source\Application\demo.functions\demo.functions.csproj", "{89386531-64BC-44B8-834A-D5DA820B1BF5}"
EndProject
Project("{FAE04EC0-301F-11D3-BF4B-00C04F79EFBC}") = "demo.core", "Source\Application\demo.core\demo.core.csproj", "{20D82DD1-D430-4365-856D-6243B0177AA0}"
EndProject
Global
	GlobalSection(SolutionConfigurationPlatforms) = preSolution
		Debug|Any CPU = Debug|Any CPU
		Release|Any CPU = Release|Any CPU
	EndGlobalSection
	GlobalSection(ProjectConfigurationPlatforms) = postSolution
		{89386531-64BC-44B8-834A-D5DA820B1BF5}.Debug|Any CPU.ActiveCfg = Debug|Any CPU
		{89386531-64BC-44B8-834A-D5DA820B1BF5}.Debug|Any CPU.Build.0 = Debug|Any CPU
		{89386531-64BC-44B8-834A-D5DA820B1BF5}.Release|Any CPU.ActiveCfg = Release|Any CPU
		{89386531-64BC-44B8-834A-D5DA820B1BF5}.Release|Any CPU.Build.0 = Release|Any CPU
		{20D82DD1-D430-4365-856D-6243B0177AA0}.Debug|Any CPU.ActiveCfg = Debug|Any CPU
		{20D82DD1-D430-4365-856D-6243B0177AA0}.Debug|Any CPU.Build.0 = Debug|Any CPU
		{20D82DD1-D430-4365-856D-6243B0177AA0}.Release|Any CPU.ActiveCfg = Release|Any CPU
		{20D82DD1-D430-4365-856D-6243B0177AA0}.Release|Any CPU.Build.0 = Release|Any CPU
	EndGlobalSection
EndGlobal
